
Microsoft Visual Studio Solution File, Format Version 12.00
# Visual Studio Version 17
VisualStudioVersion = 17.8.34408.163
MinimumVisualStudioVersion = 10.0.40219.1
Project("{8BC9CEB8-8B4A-11D0-8D11-00A0C91BC942}") = "0.1_Adjacency_matrix", "0.1_Adjacency_matrix\0.1_Adjacency_matrix.vcxproj", "{964BE1A0-9EBF-44D2-9B08-90AA4C68DB82}"
EndProject
Global
	GlobalSection(SolutionConfigurationPlatforms) = preSolution
		Debug|x64 = Debug|x64
		Debug|x86 = Debug|x86
		Release|x64 = Release|x64
		Release|x86 = Release|x86
	EndGlobalSection
	GlobalSection(ProjectConfigurationPlatforms) = postSolution
		{964BE1A0-9EBF-44D2-9B08-90AA4C68DB82}.Debug|x64.ActiveCfg = Debug|x64
		{964BE1A0-9EBF-44D2-9B08-90AA4C68DB82}.Debug|x64.Build.0 = Debug|x64
		{964BE1A0-9EBF-44D2-9B08-90AA4C68DB82}.Debug|x86.ActiveCfg = Debug|Win32
		{964BE1A0-9EBF-44D2-9B08-90AA4C68DB82}.Debug|x86.Build.0 = Debug|Win32
		{964BE1A0-9EBF-44D2-9B08-90AA4C68DB82}.Release|x64.ActiveCfg = Release|x64
		{964BE1A0-9EBF-44D2-9B08-90AA4C68DB82}.Release|x64.Build.0 = Release|x64
		{964BE1A0-9EBF-44D2-9B08-90AA4C68DB82}.Release|x86.ActiveCfg = Release|Win32
		{964BE1A0-9EBF-44D2-9B08-90AA4C68DB82}.Release|x86.Build.0 = Release|Win32
	EndGlobalSection
	GlobalSection(SolutionProperties) = preSolution
		HideSolutionNode = FALSE
	EndGlobalSection
	GlobalSection(ExtensibilityGlobals) = postSolution
		SolutionGuid = {5A492A4D-5B65-421E-8AF5-5742F0C4E08E}
	EndGlobalSection
EndGlobal
