
Microsoft Visual Studio Solution File, Format Version 12.00
# Visual Studio Version 17
VisualStudioVersion = 17.8.34408.163
MinimumVisualStudioVersion = 10.0.40219.1
Project("{8BC9CEB8-8B4A-11D0-8D11-00A0C91BC942}") = "0.6_Palindrom", "0.6_Palindrom\0.6_Palindrom.vcxproj", "{981061C7-8AAF-4F73-9463-B168110B8CF3}"
EndProject
Global
	GlobalSection(SolutionConfigurationPlatforms) = preSolution
		Debug|x64 = Debug|x64
		Debug|x86 = Debug|x86
		Release|x64 = Release|x64
		Release|x86 = Release|x86
	EndGlobalSection
	GlobalSection(ProjectConfigurationPlatforms) = postSolution
		{981061C7-8AAF-4F73-9463-B168110B8CF3}.Debug|x64.ActiveCfg = Debug|x64
		{981061C7-8AAF-4F73-9463-B168110B8CF3}.Debug|x64.Build.0 = Debug|x64
		{981061C7-8AAF-4F73-9463-B168110B8CF3}.Debug|x86.ActiveCfg = Debug|Win32
		{981061C7-8AAF-4F73-9463-B168110B8CF3}.Debug|x86.Build.0 = Debug|Win32
		{981061C7-8AAF-4F73-9463-B168110B8CF3}.Release|x64.ActiveCfg = Release|x64
		{981061C7-8AAF-4F73-9463-B168110B8CF3}.Release|x64.Build.0 = Release|x64
		{981061C7-8AAF-4F73-9463-B168110B8CF3}.Release|x86.ActiveCfg = Release|Win32
		{981061C7-8AAF-4F73-9463-B168110B8CF3}.Release|x86.Build.0 = Release|Win32
	EndGlobalSection
	GlobalSection(SolutionProperties) = preSolution
		HideSolutionNode = FALSE
	EndGlobalSection
	GlobalSection(ExtensibilityGlobals) = postSolution
		SolutionGuid = {97F62746-1120-4655-8D1D-3181481BAF01}
	EndGlobalSection
EndGlobal
