
Microsoft Visual Studio Solution File, Format Version 12.00
# Visual Studio Version 17
VisualStudioVersion = 17.8.34408.163
MinimumVisualStudioVersion = 10.0.40219.1
Project("{8BC9CEB8-8B4A-11D0-8D11-00A0C91BC942}") = "0.2_Is_Heap", "0.2_Is_Heap\0.2_Is_Heap.vcxproj", "{EA4A3260-8929-44FF-8904-3D5C94B10AEB}"
EndProject
Global
	GlobalSection(SolutionConfigurationPlatforms) = preSolution
		Debug|x64 = Debug|x64
		Debug|x86 = Debug|x86
		Release|x64 = Release|x64
		Release|x86 = Release|x86
	EndGlobalSection
	GlobalSection(ProjectConfigurationPlatforms) = postSolution
		{EA4A3260-8929-44FF-8904-3D5C94B10AEB}.Debug|x64.ActiveCfg = Debug|x64
		{EA4A3260-8929-44FF-8904-3D5C94B10AEB}.Debug|x64.Build.0 = Debug|x64
		{EA4A3260-8929-44FF-8904-3D5C94B10AEB}.Debug|x86.ActiveCfg = Debug|Win32
		{EA4A3260-8929-44FF-8904-3D5C94B10AEB}.Debug|x86.Build.0 = Debug|Win32
		{EA4A3260-8929-44FF-8904-3D5C94B10AEB}.Release|x64.ActiveCfg = Release|x64
		{EA4A3260-8929-44FF-8904-3D5C94B10AEB}.Release|x64.Build.0 = Release|x64
		{EA4A3260-8929-44FF-8904-3D5C94B10AEB}.Release|x86.ActiveCfg = Release|Win32
		{EA4A3260-8929-44FF-8904-3D5C94B10AEB}.Release|x86.Build.0 = Release|Win32
	EndGlobalSection
	GlobalSection(SolutionProperties) = preSolution
		HideSolutionNode = FALSE
	EndGlobalSection
	GlobalSection(ExtensibilityGlobals) = postSolution
		SolutionGuid = {9EEF620C-97D2-47C9-A664-81AC9D77A899}
	EndGlobalSection
EndGlobal
